<?xml version="1.0" encoding="utf-8"?>
<Project ToolsVersion="4.0" xmlns="http://schemas.microsoft.com/developer/msbuild/2003">
  <ItemGroup>
    <Filter Include="Standard">
      <UniqueIdentifier>{f79193c3-1d62-45ec-884c-864e50cceb1b}</UniqueIdentifier>
    </Filter>
    <Filter Include="Windows">
      <UniqueIdentifier>{aea782f7-825b-41e1-a5d2-e3136c4ca177}</UniqueIdentifier>
    </Filter>
  </ItemGroup>
  <ItemGroup>
    <ClCompile Include="$(MSBuildThisFileDirectory)Standard\MultiByteAndWideChar.cpp" />
    <ClCompile Include="$(MSBuildThisFileDirectory)Standard\random.cpp" />
    <ClCompile Include="$(MSBuildThisFileDirectory)Standard\time_ex.cpp" />
    <ClCompile Include="$(MSBuildThisFileDirectory)Standard\TString.cpp" />
    <ClCompile Include="$(MSBuildThisFileDirectory)Windows\BaseWindow.cpp" />
    <ClCompile Include="$(MSBuildThisFileDirectory)Windows\GetAsyncKeyStateManger.cpp" />
    <ClCompile Include="$(MSBuildThisFileDirectory)Windows\TCHAR_STR.cpp" />
    <ClCompile Include="$(MSBuildThisFileDirectory)MATH\Radian.cpp" />
    <ClCompile Include="$(MSBuildThisFileDirectory)Source.cpp" />
    <ClCompile Include="$(MSBuildThisFileDirectory)MATH\Shape.cpp" />
  </ItemGroup>
  <ItemGroup>
    <ClInclude Include="$(MSBuildThisFileDirectory)Standard\MultiByteAndWideChar.h" />
    <ClInclude Include="$(MSBuildThisFileDirectory)Standard\random.h" />
    <ClInclude Include="$(MSBuildThisFileDirectory)Standard\time_ex.h" />
    <ClInclude Include="$(MSBuildThisFileDirectory)Standard\TString.h" />
    <ClInclude Include="$(MSBuildThisFileDirectory)_action_system.h" />
    <ClInclude Include="$(MSBuildThisFileDirectory)_ActionSystem.h" />
    <ClInclude Include="$(MSBuildThisFileDirectory)_GdiPlusDraw.h" />
    <ClInclude Include="$(MSBuildThisFileDirectory)_GdiPlusWindow.h" />
    <ClInclude Include="$(MSBuildThisFileDirectory)_GUI.h" />
    <ClInclude Include="$(MSBuildThisFileDirectory)_WinGame_Interface.h" />
    <ClInclude Include="$(MSBuildThisFileDirectory)Windows\BaseWindow.h" />
    <ClInclude Include="$(MSBuildThisFileDirectory)Windows\GetAsyncKeyStateManger.h" />
    <ClInclude Include="$(MSBuildThisFileDirectory)Windows\TCHAR_STR.h" />
    <ClInclude Include="$(MSBuildThisFileDirectory)MATH\Point_Template.h" />
    <ClInclude Include="$(MSBuildThisFileDirectory)MATH\Radian.h" />
    <ClInclude Include="$(MSBuildThisFileDirectory)MATH\Ellipse.h" />
    <ClInclude Include="$(MSBuildThisFileDirectory)MATH\Shape.h" />
    <ClInclude Include="$(MSBuildThisFileDirectory)MATH\Rectangle.h" />
  </ItemGroup>
  <ItemGroup>
    <Text Include="$(MSBuildThisFileDirectory)專案屬性 組態屬性.txt" />
  </ItemGroup>
</Project>