
Microsoft Visual Studio Solution File, Format Version 12.00
# Visual Studio 15
VisualStudioVersion = 15.0.27130.2010
MinimumVisualStudioVersion = 10.0.40219.1
Project("{8BC9CEB8-8B4A-11D0-8D11-00A0C91BC942}") = "Game01", "Game01\Game01.vcxproj", "{AC4A1800-82C7-4057-93E6-F3C23163963F}"
EndProject
Project("{8BC9CEB8-8B4A-11D0-8D11-00A0C91BC942}") = "Puzzle", "Puzzle\Puzzle.vcxproj", "{BFEC6F55-BE89-46CC-8576-5412929D72AA}"
EndProject
Global
	GlobalSection(SolutionConfigurationPlatforms) = preSolution
		Debug|Any CPU = Debug|Any CPU
		Debug|x64 = Debug|x64
		Debug|x86 = Debug|x86
		Release|Any CPU = Release|Any CPU
		Release|x64 = Release|x64
		Release|x86 = Release|x86
	EndGlobalSection
	GlobalSection(ProjectConfigurationPlatforms) = postSolution
		{AC4A1800-82C7-4057-93E6-F3C23163963F}.Debug|Any CPU.ActiveCfg = Debug|Win32
		{AC4A1800-82C7-4057-93E6-F3C23163963F}.Debug|Any CPU.Build.0 = Debug|Win32
		{AC4A1800-82C7-4057-93E6-F3C23163963F}.Debug|x64.ActiveCfg = Debug|x64
		{AC4A1800-82C7-4057-93E6-F3C23163963F}.Debug|x64.Build.0 = Debug|x64
		{AC4A1800-82C7-4057-93E6-F3C23163963F}.Debug|x86.ActiveCfg = Debug|Win32
		{AC4A1800-82C7-4057-93E6-F3C23163963F}.Debug|x86.Build.0 = Debug|Win32
		{AC4A1800-82C7-4057-93E6-F3C23163963F}.Release|Any CPU.ActiveCfg = Debug|Win32
		{AC4A1800-82C7-4057-93E6-F3C23163963F}.Release|Any CPU.Build.0 = Debug|Win32
		{AC4A1800-82C7-4057-93E6-F3C23163963F}.Release|x64.ActiveCfg = Release|x64
		{AC4A1800-82C7-4057-93E6-F3C23163963F}.Release|x64.Build.0 = Release|x64
		{AC4A1800-82C7-4057-93E6-F3C23163963F}.Release|x86.ActiveCfg = Release|Win32
		{AC4A1800-82C7-4057-93E6-F3C23163963F}.Release|x86.Build.0 = Release|Win32
		{BFEC6F55-BE89-46CC-8576-5412929D72AA}.Debug|Any CPU.ActiveCfg = Debug|Win32
		{BFEC6F55-BE89-46CC-8576-5412929D72AA}.Debug|Any CPU.Build.0 = Debug|Win32
		{BFEC6F55-BE89-46CC-8576-5412929D72AA}.Debug|x64.ActiveCfg = Debug|x64
		{BFEC6F55-BE89-46CC-8576-5412929D72AA}.Debug|x64.Build.0 = Debug|x64
		{BFEC6F55-BE89-46CC-8576-5412929D72AA}.Debug|x86.ActiveCfg = Debug|Win32
		{BFEC6F55-BE89-46CC-8576-5412929D72AA}.Debug|x86.Build.0 = Debug|Win32
		{BFEC6F55-BE89-46CC-8576-5412929D72AA}.Release|Any CPU.ActiveCfg = Debug|Win32
		{BFEC6F55-BE89-46CC-8576-5412929D72AA}.Release|Any CPU.Build.0 = Debug|Win32
		{BFEC6F55-BE89-46CC-8576-5412929D72AA}.Release|x64.ActiveCfg = Release|x64
		{BFEC6F55-BE89-46CC-8576-5412929D72AA}.Release|x64.Build.0 = Release|x64
		{BFEC6F55-BE89-46CC-8576-5412929D72AA}.Release|x86.ActiveCfg = Release|Win32
		{BFEC6F55-BE89-46CC-8576-5412929D72AA}.Release|x86.Build.0 = Release|Win32
	EndGlobalSection
	GlobalSection(SolutionProperties) = preSolution
		HideSolutionNode = FALSE
	EndGlobalSection
	GlobalSection(ExtensibilityGlobals) = postSolution
		SolutionGuid = {3A36CE43-2F10-4579-A009-8E49E105E144}
	EndGlobalSection
EndGlobal
